{
  "name": "@instalink/agenda-temporal-2-schedule-x-spike",
  "version": "0.0.0",
  "lockfileVersion": 3,
  "requires": true,
  "packages": {
    "": {
      "name": "@instalink/agenda-temporal-2-schedule-x-spike",
      "version": "0.0.0",
      "devDependencies": {
        "@schedule-x/calendar": "4.9.1",
        "@schedule-x/calendar-controls": "4.0.0",
        "@schedule-x/react": "4.1.0",
        "@schedule-x/shared": "^4.9.1",
        "@schedule-x/theme-default": "4.0.0",
        "react": "18.3.1",
        "react-dom": "18.3.1",
        "temporal-polyfill": "0.3.2"
      }
    },
    "node_modules/@preact/signals": {
      "version": "2.11.3",
      "resolved": "https://registry.npmjs.org/@preact/signals/-/signals-2.11.3.tgz",
      "integrity": "sha512-mttwFM98G/JiriTgMwU+UWygL6sfVmYEiNcPSKkUnv4PxPpZhmP2ugGC4qi360+ZIHyQ8NY05bfJT3b4RUIGlw==",
      "dev": true,
      "license": "MIT",
      "peer": true,
      "dependencies": {
        "@preact/signals-core": "^1.14.4"
      },
      "funding": {
        "type": "opencollective",
        "url": "https://opencollective.com/preact"
      },
      "peerDependencies": {
        "preact": ">= 10.25.0 || >=11.0.0-0"
      }
    },
    "node_modules/@preact/signals-core": {
      "version": "1.14.4",
      "resolved": "https://registry.npmjs.org/@preact/signals-core/-/signals-core-1.14.4.tgz",
      "integrity": "sha512-HNB6HYeYKhQbJ1aKl+YRjrS4+QWHLKX6qKoUsfS/m0vqzsVaEBiZiaKbG/e+NKk2ch5ALQr/ihWaMHxiCuuWHA==",
      "dev": true,
      "license": "MIT",
      "peer": true,
      "funding": {
        "type": "opencollective",
        "url": "https://opencollective.com/preact"
      }
    },
    "node_modules/@schedule-x/calendar": {
      "version": "4.9.1",
      "resolved": "https://registry.npmjs.org/@schedule-x/calendar/-/calendar-4.9.1.tgz",
      "integrity": "sha512-/Zsn49BqOklOZmftsh2B5QyqF/hMf8tUqpcBbg+W0xv7FFrYd1qsYeJfdEVPVKTa42hybyswLJvtglnKgaqC+Q==",
      "dev": true,
      "license": "MIT",
      "peerDependencies": {
        "@preact/signals": "^2.0.2",
        "preact": "^10.19.2",
        "temporal-polyfill": "0.3.2"
      }
    },
    "node_modules/@schedule-x/calendar-controls": {
      "version": "4.0.0",
      "resolved": "https://registry.npmjs.org/@schedule-x/calendar-controls/-/calendar-controls-4.0.0.tgz",
      "integrity": "sha512-CyFAVbznfFlSBAHE6bEyFjT5Cc00mN3mNn/JFWYx2Aam0/2RaNeTeTN+XqTdS3EE+iwyYN0HoWbJkYeQH7cyJw==",
      "dev": true,
      "license": "MIT"
    },
    "node_modules/@schedule-x/react": {
      "version": "4.1.0",
      "resolved": "https://registry.npmjs.org/@schedule-x/react/-/react-4.1.0.tgz",
      "integrity": "sha512-l2hn1kdTModk4Lbt+nEr/VAcuNMA+w+hAAtgz8VLOj5UeieM7PWoK+cDapzPHCjUKisCSPd8QZfAX966Ma82kQ==",
      "dev": true,
      "license": "MIT",
      "peerDependencies": {
        "@schedule-x/calendar": "^3.1.0 || ^4.0.0",
        "react": "^16.7.0 || ^17 || ^18 || ^19",
        "react-dom": "^16.7.0 || ^17 || ^18 || ^19"
      }
    },
    "node_modules/@schedule-x/shared": {
      "version": "4.9.1",
      "resolved": "https://registry.npmjs.org/@schedule-x/shared/-/shared-4.9.1.tgz",
      "integrity": "sha512-zB934QknCsDEY9+wez6nHTlBarwpqRoZmNw99x6IoQI/7xqi98NWQvDsuH2vpuB46aJZQjMZogX5U6suAIvykQ==",
      "dev": true,
      "license": "MIT",
      "peerDependencies": {
        "@preact/signals": "^2.0.2"
      }
    },
    "node_modules/@schedule-x/theme-default": {
      "version": "4.0.0",
      "resolved": "https://registry.npmjs.org/@schedule-x/theme-default/-/theme-default-4.0.0.tgz",
      "integrity": "sha512-cxYjeHdEtdv24Rr05NnaZWCPhk6InDLobs4FbMKaqQ8nlLAC0oViav6gSfXd4+URHjV++Ma9GJjmHjLtXf311w==",
      "dev": true,
      "license": "MIT"
    },
    "node_modules/js-tokens": {
      "version": "4.0.0",
      "resolved": "https://registry.npmjs.org/js-tokens/-/js-tokens-4.0.0.tgz",
      "integrity": "sha512-RdJUflcE3cUzKiMqQgsCu06FPu9UdIJO0beYbPhHN4k6apgJtifcoCtT9bcxOpYBtpD2kCM6Sbzg4CausW/PKQ==",
      "dev": true,
      "license": "MIT"
    },
    "node_modules/loose-envify": {
      "version": "1.4.0",
      "resolved": "https://registry.npmjs.org/loose-envify/-/loose-envify-1.4.0.tgz",
      "integrity": "sha512-lyuxPGr/Wfhrlem2CL/UcnUc1zcqKAImBDzukY7Y5F/yQiNdko6+fRLevlw1HgMySw7f611UIY408EtxRSoK3Q==",
      "dev": true,
      "license": "MIT",
      "dependencies": {
        "js-tokens": "^3.0.0 || ^4.0.0"
      },
      "bin": {
        "loose-envify": "cli.js"
      }
    },
    "node_modules/preact": {
      "version": "10.29.8",
      "resolved": "https://registry.npmjs.org/preact/-/preact-10.29.8.tgz",
      "integrity": "sha512-ej2aVZ+vZ8WO7tvlQWRM9N63A0KzF9q4mWJfDUHgYaIofWY9hu74QdnQrjoPMmZi2/nZ5gN0bJCQF49xQqx09Q==",
      "dev": true,
      "license": "MIT",
      "peer": true,
      "funding": {
        "type": "opencollective",
        "url": "https://opencollective.com/preact"
      },
      "peerDependencies": {
        "preact-render-to-string": ">=5"
      },
      "peerDependenciesMeta": {
        "preact-render-to-string": {
          "optional": true
        }
      }
    },
    "node_modules/react": {
      "version": "18.3.1",
      "resolved": "https://registry.npmjs.org/react/-/react-18.3.1.tgz",
      "integrity": "sha512-wS+hAgJShR0KhEvPJArfuPVN1+Hz1t0Y6n5jLrGQbkb4urgPE/0Rve+1kMB1v/oWgHgm4WIcV+i7F2pTVj+2iQ==",
      "dev": true,
      "license": "MIT",
      "dependencies": {
        "loose-envify": "^1.1.0"
      },
      "engines": {
        "node": ">=0.10.0"
      }
    },
    "node_modules/react-dom": {
      "version": "18.3.1",
      "resolved": "https://registry.npmjs.org/react-dom/-/react-dom-18.3.1.tgz",
      "integrity": "sha512-5m4nQKp+rZRb09LNH59GM4BxTh9251/ylbKIbpe7TpGxfJ+9kv6BLkLBXIjjspbgbnIBNqlI23tRnTWT0snUIw==",
      "dev": true,
      "license": "MIT",
      "dependencies": {
        "loose-envify": "^1.1.0",
        "scheduler": "^0.23.2"
      },
      "peerDependencies": {
        "react": "^18.3.1"
      }
    },
    "node_modules/scheduler": {
      "version": "0.23.2",
      "resolved": "https://registry.npmjs.org/scheduler/-/scheduler-0.23.2.tgz",
      "integrity": "sha512-UOShsPwz7NrMUqhR6t0hWjFduvOzbtv7toDH1/hIrfRNIDBnnBWd0CwJTGvTpngVlmwGCdP9/Zl/tVrDqcuYzQ==",
      "dev": true,
      "license": "MIT",
      "dependencies": {
        "loose-envify": "^1.1.0"
      }
    },
    "node_modules/temporal-polyfill": {
      "version": "0.3.2",
      "resolved": "https://registry.npmjs.org/temporal-polyfill/-/temporal-polyfill-0.3.2.tgz",
      "integrity": "sha512-TzHthD/heRK947GNiSu3Y5gSPpeUDH34+LESnfsq8bqpFhsB79HFBX8+Z834IVX68P3EUyRPZK5bL/1fh437Eg==",
      "dev": true,
      "license": "MIT",
      "dependencies": {
        "temporal-spec": "0.3.1"
      }
    },
    "node_modules/temporal-spec": {
      "version": "0.3.1",
      "resolved": "https://registry.npmjs.org/temporal-spec/-/temporal-spec-0.3.1.tgz",
      "integrity": "sha512-B4TUhezh9knfSIMwt7RVggApDRJZo73uZdj8AacL2mZ8RP5KtLianh2MXxL06GN9ESYiIsiuoLQhgVfwe55Yhw==",
      "dev": true,
      "license": "ISC"
    }
  }
}
